// !$*UTF8*$!
{
	archiveVersion = 1;
	classes = {
	};
	objectVersion = 46;
	objects = {

/* Begin PBXBuildFile section */
		63C937327A98DF0ABB0ABB92 /* libPods-RottenTomatoes.a in Frameworks */ = {isa = PBXBuildFile; fileRef = 76762ECE045D7501D70E4296 /* libPods-RottenTomatoes.a */; };
		7AE7ACB41BD6F28A00471A83 /* main.m in Sources */ = {isa = PBXBuildFile; fileRef = 7AE7ACB31BD6F28A00471A83 /* main.m */; };
		7AE7ACB71BD6F28A00471A83 /* AppDelegate.m in Sources */ = {isa = PBXBuildFile; fileRef = 7AE7ACB61BD6F28A00471A83 /* AppDelegate.m */; };
		7AE7ACBA1BD6F28A00471A83 /* MoviesViewController.m in Sources */ = {isa = PBXBuildFile; fileRef = 7AE7ACB91BD6F28A00471A83 /* MoviesViewController.m */; };
		7AE7ACBD1BD6F28A00471A83 /* Main.storyboard in Resources */ = {isa = PBXBuildFile; fileRef = 7AE7ACBB1BD6F28A00471A83 /* Main.storyboard */; };
		7AE7ACBF1BD6F28A00471A83 /* Assets.xcassets in Resources */ = {isa = PBXBuildFile; fileRef = 7AE7ACBE1BD6F28A00471A83 /* Assets.xcassets */; };
		7AE7ACC21BD6F28A00471A83 /* LaunchScreen.storyboard in Resources */ = {isa = PBXBuildFile; fileRef = 7AE7ACC01BD6F28A00471A83 /* LaunchScreen.storyboard */; };
		7AE7ACCB1BD6F87800471A83 /* MoviesTableViewCell.m in Sources */ = {isa = PBXBuildFile; fileRef = 7AE7ACCA1BD6F87800471A83 /* MoviesTableViewCell.m */; settings = {ASSET_TAGS = (); }; };
		7AE7ACCF1BD7052100471A83 /* MovieDetailsViewController.m in Sources */ = {isa = PBXBuildFile; fileRef = 7AE7ACCD1BD7052100471A83 /* MovieDetailsViewController.m */; settings = {ASSET_TAGS = (); }; };
		7AE7ACD01BD7052100471A83 /* MovieDetailsViewController.xib in Resources */ = {isa = PBXBuildFile; fileRef = 7AE7ACCE1BD7052100471A83 /* MovieDetailsViewController.xib */; settings = {ASSET_TAGS = (); }; };
/* End PBXBuildFile section */

/* Begin PBXFileReference section */
		76762ECE045D7501D70E4296 /* libPods-RottenTomatoes.a */ = {isa = PBXFileReference; explicitFileType = archive.ar; includeInIndex = 0; path = "libPods-RottenTomatoes.a"; sourceTree = BUILT_PRODUCTS_DIR; };
		7AE7ACAF1BD6F28A00471A83 /* RottenTomatoes.app */ = {isa = PBXFileReference; explicitFileType = wrapper.application; includeInIndex = 0; path = RottenTomatoes.app; sourceTree = BUILT_PRODUCTS_DIR; };
		7AE7ACB31BD6F28A00471A83 /* main.m */ = {isa = PBXFileReference; lastKnownFileType = sourcecode.c.objc; path = main.m; sourceTree = "<group>"; };
		7AE7ACB51BD6F28A00471A83 /* AppDelegate.h */ = {isa = PBXFileReference; lastKnownFileType = sourcecode.c.h; path = AppDelegate.h; sourceTree = "<group>"; };
		7AE7ACB61BD6F28A00471A83 /* AppDelegate.m */ = {isa = PBXFileReference; lastKnownFileType = sourcecode.c.objc; path = AppDelegate.m; sourceTree = "<group>"; };
		7AE7ACB81BD6F28A00471A83 /* MoviesViewController.h */ = {isa = PBXFileReference; lastKnownFileType = sourcecode.c.h; path = MoviesViewController.h; sourceTree = "<group>"; };
		7AE7ACB91BD6F28A00471A83 /* MoviesViewController.m */ = {isa = PBXFileReference; lastKnownFileType = sourcecode.c.objc; path = MoviesViewController.m; sourceTree = "<group>"; };
		7AE7ACBC1BD6F28A00471A83 /* Base */ = {isa = PBXFileReference; lastKnownFileType = file.storyboard; name = Base; path = Base.lproj/Main.storyboard; sourceTree = "<group>"; };
		7AE7ACBE1BD6F28A00471A83 /* Assets.xcassets */ = {isa = PBXFileReference; lastKnownFileType = folder.assetcatalog; path = Assets.xcassets; sourceTree = "<group>"; };
		7AE7ACC11BD6F28A00471A83 /* Base */ = {isa = PBXFileReference; lastKnownFileType = file.storyboard; name = Base; path = Base.lproj/LaunchScreen.storyboard; sourceTree = "<group>"; };
		7AE7ACC31BD6F28A00471A83 /* Info.plist */ = {isa = PBXFileReference; lastKnownFileType = text.plist.xml; path = Info.plist; sourceTree = "<group>"; };
		7AE7ACC91BD6F87800471A83 /* MoviesTableViewCell.h */ = {isa = PBXFileReference; fileEncoding = 4; lastKnownFileType = sourcecode.c.h; path = MoviesTableViewCell.h; sourceTree = "<group>"; };
		7AE7ACCA1BD6F87800471A83 /* MoviesTableViewCell.m */ = {isa = PBXFileReference; fileEncoding = 4; lastKnownFileType = sourcecode.c.objc; path = MoviesTableViewCell.m; sourceTree = "<group>"; };
		7AE7ACCC1BD7052100471A83 /* MovieDetailsViewController.h */ = {isa = PBXFileReference; fileEncoding = 4; lastKnownFileType = sourcecode.c.h; path = MovieDetailsViewController.h; sourceTree = "<group>"; };
		7AE7ACCD1BD7052100471A83 /* MovieDetailsViewController.m */ = {isa = PBXFileReference; fileEncoding = 4; lastKnownFileType = sourcecode.c.objc; path = MovieDetailsViewController.m; sourceTree = "<group>"; };
		7AE7ACCE1BD7052100471A83 /* MovieDetailsViewController.xib */ = {isa = PBXFileReference; fileEncoding = 4; lastKnownFileType = file.xib; path = MovieDetailsViewController.xib; sourceTree = "<group>"; };
		81C3750E34F0033D89E3F9C3 /* Pods-RottenTomatoes.debug.xcconfig */ = {isa = PBXFileReference; includeInIndex = 1; lastKnownFileType = text.xcconfig; name = "Pods-RottenTomatoes.debug.xcconfig"; path = "Pods/Target Support Files/Pods-RottenTomatoes/Pods-RottenTomatoes.debug.xcconfig"; sourceTree = "<group>"; };
		F57AB0981259135FAFFDB573 /* Pods-RottenTomatoes.release.xcconfig */ = {isa = PBXFileReference; includeInIndex = 1; lastKnownFileType = text.xcconfig; name = "Pods-RottenTomatoes.release.xcconfig"; path = "Pods/Target Support Files/Pods-RottenTomatoes/Pods-RottenTomatoes.release.xcconfig"; sourceTree = "<group>"; };
/* End PBXFileReference section */

/* Begin PBXFrameworksBuildPhase section */
		7AE7ACAC1BD6F28A00471A83 /* Frameworks */ = {
			isa = PBXFrameworksBuildPhase;
			buildActionMask = 2147483647;
			files = (
				63C937327A98DF0ABB0ABB92 /* libPods-RottenTomatoes.a in Frameworks */,
			);
			runOnlyForDeploymentPostprocessing = 0;
		};
/* End PBXFrameworksBuildPhase section */

/* Begin PBXGroup section */
		1BA4945B9E6664BB80558C01 /* Frameworks */ = {
			isa = PBXGroup;
			children = (
				76762ECE045D7501D70E4296 /* libPods-RottenTomatoes.a */,
			);
			name = Frameworks;
			sourceTree = "<group>";
		};
		2C1E0A703D50195B4B7C112A /* Pods */ = {
			isa = PBXGroup;
			children = (
				81C3750E34F0033D89E3F9C3 /* Pods-RottenTomatoes.debug.xcconfig */,
				F57AB0981259135FAFFDB573 /* Pods-RottenTomatoes.release.xcconfig */,
			);
			name = Pods;
			sourceTree = "<group>";
		};
		7AE7ACA61BD6F28900471A83 = {
			isa = PBXGroup;
			children = (
				7AE7ACB11BD6F28A00471A83 /* RottenTomatoes */,
				7AE7ACB01BD6F28A00471A83 /* Products */,
				2C1E0A703D50195B4B7C112A /* Pods */,
				1BA4945B9E6664BB80558C01 /* Frameworks */,
			);
			sourceTree = "<group>";
		};
		7AE7ACB01BD6F28A00471A83 /* Products */ = {
			isa = PBXGroup;
			children = (
				7AE7ACAF1BD6F28A00471A83 /* RottenTomatoes.app */,
			);
			name = Products;
			sourceTree = "<group>";
		};
		7AE7ACB11BD6F28A00471A83 /* RottenTomatoes */ = {
			isa = PBXGroup;
			children = (
				7AE7ACB51BD6F28A00471A83 /* AppDelegate.h */,
				7AE7ACB61BD6F28A00471A83 /* AppDelegate.m */,
				7AE7ACB81BD6F28A00471A83 /* MoviesViewController.h */,
				7AE7ACB91BD6F28A00471A83 /* MoviesViewController.m */,
				7AE7ACBB1BD6F28A00471A83 /* Main.storyboard */,
				7AE7ACCC1BD7052100471A83 /* MovieDetailsViewController.h */,
				7AE7ACCD1BD7052100471A83 /* MovieDetailsViewController.m */,
				7AE7ACCE1BD7052100471A83 /* MovieDetailsViewController.xib */,
				7AE7ACC91BD6F87800471A83 /* MoviesTableViewCell.h */,
				7AE7ACCA1BD6F87800471A83 /* MoviesTableViewCell.m */,
				7AE7ACBE1BD6F28A00471A83 /* Assets.xcassets */,
				7AE7ACC01BD6F28A00471A83 /* LaunchScreen.storyboard */,
				7AE7ACC31BD6F28A00471A83 /* Info.plist */,
				7AE7ACB21BD6F28A00471A83 /* Supporting Files */,
			);
			path = RottenTomatoes;
			sourceTree = "<group>";
		};
		7AE7ACB21BD6F28A00471A83 /* Supporting Files */ = {
			isa = PBXGroup;
			children = (
				7AE7ACB31BD6F28A00471A83 /* main.m */,
			);
			name = "Supporting Files";
			sourceTree = "<group>";
		};
/* End PBXGroup section */

/* Begin PBXNativeTarget section */
		7AE7ACAE1BD6F28A00471A83 /* RottenTomatoes */ = {
			isa = PBXNativeTarget;
			buildConfigurationList = 7AE7ACC61BD6F28A00471A83 /* Build configuration list for PBXNativeTarget "RottenTomatoes" */;
			buildPhases = (
				6F2F53AECC6AE80499D815B2 /* Check Pods Manifest.lock */,
				7AE7ACAB1BD6F28A00471A83 /* Sources */,
				7AE7ACAC1BD6F28A00471A83 /* Frameworks */,
				7AE7ACAD1BD6F28A00471A83 /* Resources */,
				AFF6920636CB7A67E1D48AAC /* Embed Pods Frameworks */,
				64C353A070956D606B036F4D /* Copy Pods Resources */,
			);
			buildRules = (
			);
			dependencies = (
			);
			name = RottenTomatoes;
			productName = RottenTomatoes;
			productReference = 7AE7ACAF1BD6F28A00471A83 /* RottenTomatoes.app */;
			productType = "com.apple.product-type.application";
		};
/* End PBXNativeTarget section */

/* Begin PBXProject section */
		7AE7ACA71BD6F28900471A83 /* Project object */ = {
			isa = PBXProject;
			attributes = {
				LastUpgradeCheck = 0700;
				ORGANIZATIONNAME = "Chris Guzman";
				TargetAttributes = {
					7AE7ACAE1BD6F28A00471A83 = {
						CreatedOnToolsVersion = 7.0.1;
						DevelopmentTeam = GF775BT9Q4;
					};
				};
			};
			buildConfigurationList = 7AE7ACAA1BD6F28900471A83 /* Build configuration list for PBXProject "RottenTomatoes" */;
			compatibilityVersion = "Xcode 3.2";
			developmentRegion = English;
			hasScannedForEncodings = 0;
			knownRegions = (
				en,
				Base,
			);
			mainGroup = 7AE7ACA61BD6F28900471A83;
			productRefGroup = 7AE7ACB01BD6F28A00471A83 /* Products */;
			projectDirPath = "";
			projectRoot = "";
			targets = (
				7AE7ACAE1BD6F28A00471A83 /* RottenTomatoes */,
			);
		};
/* End PBXProject section */

/* Begin PBXResourcesBuildPhase section */
		7AE7ACAD1BD6F28A00471A83 /* Resources */ = {
			isa = PBXResourcesBuildPhase;
			buildActionMask = 2147483647;
			files = (
				7AE7ACD01BD7052100471A83 /* MovieDetailsViewController.xib in Resources */,
				7AE7ACC21BD6F28A00471A83 /* LaunchScreen.storyboard in Resources */,
				7AE7ACBF1BD6F28A00471A83 /* Assets.xcassets in Resources */,
				7AE7ACBD1BD6F28A00471A83 /* Main.storyboard in Resources */,
			);
			runOnlyForDeploymentPostprocessing = 0;
		};
/* End PBXResourcesBuildPhase section */

/* Begin PBXShellScriptBuildPhase section */
		64C353A070956D606B036F4D /* Copy Pods Resources */ = {
			isa = PBXShellScriptBuildPhase;
			buildActionMask = 2147483647;
			files = (
			);
			inputPaths = (
			);
			name = "Copy Pods Resources";
			outputPaths = (
			);
			runOnlyForDeploymentPostprocessing = 0;
			shellPath = /bin/sh;
			shellScript = "\"${SRCROOT}/Pods/Target Support Files/Pods-RottenTomatoes/Pods-RottenTomatoes-resources.sh\"\n";
			showEnvVarsInLog = 0;
		};
		6F2F53AECC6AE80499D815B2 /* Check Pods Manifest.lock */ = {
			isa = PBXShellScriptBuildPhase;
			buildActionMask = 2147483647;
			files = (
			);
			inputPaths = (
			);
			name = "Check Pods Manifest.lock";
			outputPaths = (
			);
			runOnlyForDeploymentPostprocessing = 0;
			shellPath = /bin/sh;
			shellScript = "diff \"${PODS_ROOT}/../Podfile.lock\" \"${PODS_ROOT}/Manifest.lock\" > /dev/null\nif [[ $? != 0 ]] ; then\n    cat << EOM\nerror: The sandbox is not in sync with the Podfile.lock. Run 'pod install' or update your CocoaPods installation.\nEOM\n    exit 1\nfi\n";
			showEnvVarsInLog = 0;
		};
		AFF6920636CB7A67E1D48AAC /* Embed Pods Frameworks */ = {
			isa = PBXShellScriptBuildPhase;
			buildActionMask = 2147483647;
			files = (
			);
			inputPaths = (
			);
			name = "Embed Pods Frameworks";
			outputPaths = (
			);
			runOnlyForDeploymentPostprocessing = 0;
			shellPath = /bin/sh;
			shellScript = "\"${SRCROOT}/Pods/Target Support Files/Pods-RottenTomatoes/Pods-RottenTomatoes-frameworks.sh\"\n";
			showEnvVarsInLog = 0;
		};
/* End PBXShellScriptBuildPhase section */

/* Begin PBXSourcesBuildPhase section */
		7AE7ACAB1BD6F28A00471A83 /* Sources */ = {
			isa = PBXSourcesBuildPhase;
			buildActionMask = 2147483647;
			files = (
				7AE7ACCF1BD7052100471A83 /* MovieDetailsViewController.m in Sources */,
				7AE7ACBA1BD6F28A00471A83 /* MoviesViewController.m in Sources */,
				7AE7ACB71BD6F28A00471A83 /* AppDelegate.m in Sources */,
				7AE7ACCB1BD6F87800471A83 /* MoviesTableViewCell.m in Sources */,
				7AE7ACB41BD6F28A00471A83 /* main.m in Sources */,
			);
			runOnlyForDeploymentPostprocessing = 0;
		};
/* End PBXSourcesBuildPhase section */

/* Begin PBXVariantGroup section */
		7AE7ACBB1BD6F28A00471A83 /* Main.storyboard */ = {
			isa = PBXVariantGroup;
			children = (
				7AE7ACBC1BD6F28A00471A83 /* Base */,
			);
			name = Main.storyboard;
			sourceTree = "<group>";
		};
		7AE7ACC01BD6F28A00471A83 /* LaunchScreen.storyboard */ = {
			isa = PBXVariantGroup;
			children = (
				7AE7ACC11BD6F28A00471A83 /* Base */,
			);
			name = LaunchScreen.storyboard;
			sourceTree = "<group>";
		};
/* End PBXVariantGroup section */

/* Begin XCBuildConfiguration section */
		7AE7ACC41BD6F28A00471A83 /* Debug */ = {
			isa = XCBuildConfiguration;
			buildSettings = {
				ALWAYS_SEARCH_USER_PATHS = NO;
				CLANG_CXX_LANGUAGE_STANDARD = "gnu++0x";
				CLANG_CXX_LIBRARY = "libc++";
				CLANG_ENABLE_MODULES = YES;
				CLANG_ENABLE_OBJC_ARC = YES;
				CLANG_WARN_BOOL_CONVERSION = YES;
				CLANG_WARN_CONSTANT_CONVERSION = YES;
				CLANG_WARN_DIRECT_OBJC_ISA_USAGE = YES_ERROR;
				CLANG_WARN_EMPTY_BODY = YES;
				CLANG_WARN_ENUM_CONVERSION = YES;
				CLANG_WARN_INT_CONVERSION = YES;
				CLANG_WARN_OBJC_ROOT_CLASS = YES_ERROR;
				CLANG_WARN_UNREACHABLE_CODE = YES;
				CLANG_WARN__DUPLICATE_METHOD_MATCH = YES;
				"CODE_SIGN_IDENTITY[sdk=iphoneos*]" = "iPhone Developer";
				COPY_PHASE_STRIP = NO;
				DEBUG_INFORMATION_FORMAT = dwarf;
				ENABLE_STRICT_OBJC_MSGSEND = YES;
				ENABLE_TESTABILITY = YES;
				GCC_C_LANGUAGE_STANDARD = gnu99;
				GCC_DYNAMIC_NO_PIC = NO;
				GCC_NO_COMMON_BLOCKS = YES;
				GCC_OPTIMIZATION_LEVEL = 0;
				GCC_PREPROCESSOR_DEFINITIONS = (
					"DEBUG=1",
					"$(inherited)",
				);
				GCC_WARN_64_TO_32_BIT_CONVERSION = YES;
				GCC_WARN_ABOUT_RETURN_TYPE = YES_ERROR;
				GCC_WARN_UNDECLARED_SELECTOR = YES;
				GCC_WARN_UNINITIALIZED_AUTOS = YES_AGGRESSIVE;
				GCC_WARN_UNUSED_FUNCTION = YES;
				GCC_WARN_UNUSED_VARIABLE = YES;
				IPHONEOS_DEPLOYMENT_TARGET = 9.0;
				MTL_ENABLE_DEBUG_INFO = YES;
				ONLY_ACTIVE_ARCH = YES;
				SDKROOT = iphoneos;
				TARGETED_DEVICE_FAMILY = "1,2";
			};
			name = Debug;
		};
		7AE7ACC51BD6F28A00471A83 /* Release */ = {
			isa = XCBuildConfiguration;
			buildSettings = {
				ALWAYS_SEARCH_USER_PATHS = NO;
				CLANG_CXX_LANGUAGE_STANDARD = "gnu++0x";
				CLANG_CXX_LIBRARY = "libc++";
				CLANG_ENABLE_MODULES = YES;
				CLANG_ENABLE_OBJC_ARC = YES;
				CLANG_WARN_BOOL_CONVERSION = YES;
				CLANG_WARN_CONSTANT_CONVERSION = YES;
				CLANG_WARN_DIRECT_OBJC_ISA_USAGE = YES_ERROR;
				CLANG_WARN_EMPTY_BODY = YES;
				CLANG_WARN_ENUM_CONVERSION = YES;
				CLANG_WARN_INT_CONVERSION = YES;
				CLANG_WARN_OBJC_ROOT_CLASS = YES_ERROR;
				CLANG_WARN_UNREACHABLE_CODE = YES;
				CLANG_WARN__DUPLICATE_METHOD_MATCH = YES;
				"CODE_SIGN_IDENTITY[sdk=iphoneos*]" = "iPhone Developer";
				COPY_PHASE_STRIP = NO;
				DEBUG_INFORMATION_FORMAT = "dwarf-with-dsym";
				ENABLE_NS_ASSERTIONS = NO;
				ENABLE_STRICT_OBJC_MSGSEND = YES;
				GCC_C_LANGUAGE_STANDARD = gnu99;
				GCC_NO_COMMON_BLOCKS = YES;
				GCC_WARN_64_TO_32_BIT_CONVERSION = YES;
				GCC_WARN_ABOUT_RETURN_TYPE = YES_ERROR;
				GCC_WARN_UNDECLARED_SELECTOR = YES;
				GCC_WARN_UNINITIALIZED_AUTOS = YES_AGGRESSIVE;
				GCC_WARN_UNUSED_FUNCTION = YES;
				GCC_WARN_UNUSED_VARIABLE = YES;
				IPHONEOS_DEPLOYMENT_TARGET = 9.0;
				MTL_ENABLE_DEBUG_INFO = NO;
				SDKROOT = iphoneos;
				TARGETED_DEVICE_FAMILY = "1,2";
				VALIDATE_PRODUCT = YES;
			};
			name = Release;
		};
		7AE7ACC71BD6F28A00471A83 /* Debug */ = {
			isa = XCBuildConfiguration;
			baseConfigurationReference = 81C3750E34F0033D89E3F9C3 /* Pods-RottenTomatoes.debug.xcconfig */;
			buildSettings = {
				ASSETCATALOG_COMPILER_APPICON_NAME = AppIcon;
				INFOPLIST_FILE = RottenTomatoes/Info.plist;
				LD_RUNPATH_SEARCH_PATHS = "$(inherited) @executable_path/Frameworks";
				PRODUCT_BUNDLE_IDENTIFIER = "com.chris-guzman.RottenTomatoes";
				PRODUCT_NAME = "$(TARGET_NAME)";
			};
			name = Debug;
		};
		7AE7ACC81BD6F28A00471A83 /* Release */ = {
			isa = XCBuildConfiguration;
			baseConfigurationReference = F57AB0981259135FAFFDB573 /* Pods-RottenTomatoes.release.xcconfig */;
			buildSettings = {
				ASSETCATALOG_COMPILER_APPICON_NAME = AppIcon;
				INFOPLIST_FILE = RottenTomatoes/Info.plist;
				LD_RUNPATH_SEARCH_PATHS = "$(inherited) @executable_path/Frameworks";
				PRODUCT_BUNDLE_IDENTIFIER = "com.chris-guzman.RottenTomatoes";
				PRODUCT_NAME = "$(TARGET_NAME)";
			};
			name = Release;
		};
/* End XCBuildConfiguration section */

/* Begin XCConfigurationList section */
		7AE7ACAA1BD6F28900471A83 /* Build configuration list for PBXProject "RottenTomatoes" */ = {
			isa = XCConfigurationList;
			buildConfigurations = (
				7AE7ACC41BD6F28A00471A83 /* Debug */,
				7AE7ACC51BD6F28A00471A83 /* Release */,
			);
			defaultConfigurationIsVisible = 0;
			defaultConfigurationName = Release;
		};
		7AE7ACC61BD6F28A00471A83 /* Build configuration list for PBXNativeTarget "RottenTomatoes" */ = {
			isa = XCConfigurationList;
			buildConfigurations = (
				7AE7ACC71BD6F28A00471A83 /* Debug */,
				7AE7ACC81BD6F28A00471A83 /* Release */,
			);
			defaultConfigurationIsVisible = 0;
			defaultConfigurationName = Release;
		};
/* End XCConfigurationList section */
	};
	rootObject = 7AE7ACA71BD6F28900471A83 /* Project object */;
}
